{
  "name": "cglabs",
  "version": "1.0.0",
  "lockfileVersion": 2,
  "requires": true,
  "packages": {
    "": {
      "name": "cglabs",
      "version": "1.0.0",
      "license": "ISC",
      "dependencies": {
        "b-spline": "^2.0.2"
      }
    },
    "node_modules/b-spline": {
      "version": "2.0.2",
      "resolved": "https://registry.npmjs.org/b-spline/-/b-spline-2.0.2.tgz",
      "integrity": "sha512-RPhM4apTUkejCpKo9sQrOiMdy/rUua4n98oppafwAnT64ZwqJDDp+fUk9+5EBEQNtTS3CsWWFRPukqFM3sasZQ=="
    }
  },
  "dependencies": {
    "b-spline": {
      "version": "2.0.2",
      "resolved": "https://registry.npmjs.org/b-spline/-/b-spline-2.0.2.tgz",
      "integrity": "sha512-RPhM4apTUkejCpKo9sQrOiMdy/rUua4n98oppafwAnT64ZwqJDDp+fUk9+5EBEQNtTS3CsWWFRPukqFM3sasZQ=="
    }
  }
}
